github.com/encas-parka/hugo-enka-cookbook v0.0.0-20231225200225-ca61f35b39ee h1:RKamqTZpOrkLOKAE+bmyyR0Y9aXKc1KyNbHQ7UrZ+ro=
github.com/encas-parka/hugo-enka-cookbook v0.0.0-20231225200225-ca61f35b39ee/go.mod h1:KKh2Uechz8V48GbFggDTsdPAGUgAEB6hYvbEvMRvT+0=
github.com/encas-parka/hugo-enka-cookbook v0.0.0-20231226030808-a0b0ef7776c2 h1:ZfE7TfIXcj1DWGznc4KIUlk21t5JqZN4BmfkNWVBbjc=
github.com/encas-parka/hugo-enka-cookbook v0.0.0-20231226030808-a0b0ef7776c2/go.mod h1:yx7x6RPBKBvUzmwbtDnrw8hG5G5+osOoZH+8NZNEREY=
