github.com/encas-parka/hugo-cookbook-theme v0.0.0-20240110053218-71d3bda3cd63 h1:bY9oEZg/9YtgEb+7AhvZpNaUyeZbK3kXUlfhWxztphM=
github.com/encas-parka/hugo-cookbook-theme v0.0.0-20240110053218-71d3bda3cd63/go.mod h1:nd7liPCX7YC1n1hoOU+745BI1TP69oMffJ/YYViZ1U0=
github.com/encas-parka/hugo-enka-cookbook v0.0.0-20240109025703-63884bdf1406 h1:MoJOtdQBqZDMM7kA18IZjI3LZvT8Wfkk2CRVWE82/V8=
github.com/encas-parka/hugo-enka-cookbook v0.0.0-20240109025703-63884bdf1406/go.mod h1:byMb5NrtcqlDhQP1CZZug2mB1dVyykOkSrB4EpuGDSc=
github.com/encas-parka/hugo-enka-cookbook v0.0.0-20240109032020-7397393ef349 h1:VgPDBb9hhNwQ2Tnz74DXl3rYMLcFzbYMJ7XvaR3Knlc=
github.com/encas-parka/hugo-enka-cookbook v0.0.0-20240109032020-7397393ef349/go.mod h1:byMb5NrtcqlDhQP1CZZug2mB1dVyykOkSrB4EpuGDSc=
github.com/encas-parka/hugo-enka-cookbook v0.0.0-20240109033419-2b9212423163 h1:GhxIZVRozEMFCNLSz6pMzbG4kdDEh0hxTUymvcJAwpk=
github.com/encas-parka/hugo-enka-cookbook v0.0.0-20240109033419-2b9212423163/go.mod h1:byMb5NrtcqlDhQP1CZZug2mB1dVyykOkSrB4EpuGDSc=
github.com/encas-parka/hugo-enka-cookbook v0.0.0-20240109035105-e39804722bff h1:Uu+snv95XCSSIgSKdi20YgE2xfVK4QABDhsO0wI1jN4=
github.com/encas-parka/hugo-enka-cookbook v0.0.0-20240109035105-e39804722bff/go.mod h1:byMb5NrtcqlDhQP1CZZug2mB1dVyykOkSrB4EpuGDSc=
github.com/encas-parka/hugo-enka-cookbook v0.0.0-20240109041818-b58f30068e86 h1:L7GykOWJT6HE0Pj4WqYdazoc9ECj/bP2uHacV3yxXeY=
github.com/encas-parka/hugo-enka-cookbook v0.0.0-20240109041818-b58f30068e86/go.mod h1:byMb5NrtcqlDhQP1CZZug2mB1dVyykOkSrB4EpuGDSc=
github.com/encas-parka/hugo-enka-cookbook v0.0.0-20240109042022-2d8dacfce897 h1:MHWlQp5rGZ/pVOgiBHBGJGNXkjiZ6QIPBKvpd5RX/2o=
github.com/encas-parka/hugo-enka-cookbook v0.0.0-20240109042022-2d8dacfce897/go.mod h1:byMb5NrtcqlDhQP1CZZug2mB1dVyykOkSrB4EpuGDSc=
