github.com/encas-parka/hugo-cookbook-theme v0.0.0-20240110053218-71d3bda3cd63 h1:bY9oEZg/9YtgEb+7AhvZpNaUyeZbK3kXUlfhWxztphM=
github.com/encas-parka/hugo-cookbook-theme v0.0.0-20240110053218-71d3bda3cd63/go.mod h1:nd7liPCX7YC1n1hoOU+745BI1TP69oMffJ/YYViZ1U0=
github.com/encas-parka/hugo-cookbook-theme v0.0.0-20240112132506-3e30fc04a108 h1:LC/1TrG4SyRax2pb9dzigBEtKSH095okdn0/yWKuG7o=
github.com/encas-parka/hugo-cookbook-theme v0.0.0-20240112132506-3e30fc04a108/go.mod h1:nd7liPCX7YC1n1hoOU+745BI1TP69oMffJ/YYViZ1U0=
github.com/encas-parka/hugo-cookbook-theme v0.0.0-20240121235537-09cdd2859399 h1:jOo4Vj4wBPIYF09dSfVSrMuZa+ecYTj4H7oMz6mUG2s=
github.com/encas-parka/hugo-cookbook-theme v0.0.0-20240121235537-09cdd2859399/go.mod h1:nd7liPCX7YC1n1hoOU+745BI1TP69oMffJ/YYViZ1U0=
